PODS:
  - Flutter (1.0.0)
  - opentok_flutter_plugin (0.0.1):
    - Flutter

DEPENDENCIES:
  - Flutter (from `Flutter`)
  - opentok_flutter_plugin (from `.symlinks/plugins/opentok_flutter_plugin/ios`)

EXTERNAL SOURCES:
  Flutter:
    :path: Flutter
  opentok_flutter_plugin:
    :path: ".symlinks/plugins/opentok_flutter_plugin/ios"

SPEC CHECKSUMS:
  Flutter: 434fef37c0980e73bb6479ef766c45957d4b510c
  opentok_flutter_plugin: 0d1bf160322beac2c386aa8296af957f9afe817c

PODFILE CHECKSUM: aafe91acc616949ddb318b77800a7f51bffa2a4c

COCOAPODS: 1.10.0
